PODS:
  - SharpSegmentControlSwift (0.1.0)

DEPENDENCIES:
  - SharpSegmentControlSwift (from `../`)

EXTERNAL SOURCES:
  SharpSegmentControlSwift:
    :path: "../"

SPEC CHECKSUMS:
  SharpSegmentControlSwift: bd56202927174206e92da806682ed3aa740c35a7

PODFILE CHECKSUM: faad512e46d8279d6aab077937b8067cb297a7c2

COCOAPODS: 1.10.1
