PODS:
  - SharpSegmentControlSwift (0.1.0)

DEPENDENCIES:
  - SharpSegmentControlSwift (from `../`)

EXTERNAL SOURCES:
  SharpSegmentControlSwift:
    :path: "../"

SPEC CHECKSUMS:
  SharpSegmentControlSwift: 561f9f761ad1139311550b198a30e3958402a356

PODFILE CHECKSUM: faad512e46d8279d6aab077937b8067cb297a7c2

COCOAPODS: 1.10.1
