PODS:
  - SharpSegmentControlSwift (0.1.6)

DEPENDENCIES:
  - SharpSegmentControlSwift (from `../`)

EXTERNAL SOURCES:
  SharpSegmentControlSwift:
    :path: "../"

SPEC CHECKSUMS:
  SharpSegmentControlSwift: 2fa5061314c0bb74d2e4f5607b7147bfa9532188

PODFILE CHECKSUM: faad512e46d8279d6aab077937b8067cb297a7c2

COCOAPODS: 1.10.2
